{
  "nodes": {
    "crane": {
      "locked": {
        "lastModified": 1785284101,
        "narHash": "sha256-ghcXEpYEM4a7pbEkoqbn8c0ptJJqgGzuFiG3T6W5g4I=",
        "owner": "ipetkov",
        "repo": "crane",
        "rev": "756d6d07c3818ea95d1e2cdac63fa7d02fe3e61b",
        "type": "github"
      },
      "original": {
        "owner": "ipetkov",
        "repo": "crane",
        "type": "github"
      }
    },
    "nixpkgs": {
      "locked": {
        "lastModified": 1784160687,
        "narHash": "sha256-iYL/bixrb6FlHFu/gIuBYzq6c6lM5AAXsXNSWXtIgQc=",
        "owner": "nixos",
        "repo": "nixpkgs",
        "rev": "4382ed2b7a6839d4280a9b386db49cbc5907414d",
        "type": "github"
      },
      "original": {
        "owner": "nixos",
        "repo": "nixpkgs",
        "rev": "4382ed2b7a6839d4280a9b386db49cbc5907414d",
        "type": "github"
      }
    },
    "root": {
      "inputs": {
        "crane": "crane",
        "nixpkgs": "nixpkgs",
        "rust-overlay": "rust-overlay"
      }
    },
    "rust-overlay": {
      "inputs": {
        "nixpkgs": [
          "nixpkgs"
        ]
      },
      "locked": {
        "lastModified": 1785216007,
        "narHash": "sha256-KrGilCiFVxEQOaBD3TODhklZzE7uICQvqsBWgycIABA=",
        "owner": "oxalica",
        "repo": "rust-overlay",
        "rev": "8ec8a5a41f8d8244e672829c9cd705416139d3f0",
        "type": "github"
      },
      "original": {
        "owner": "oxalica",
        "repo": "rust-overlay",
        "type": "github"
      }
    }
  },
  "root": "root",
  "version": 7
}
